
Microsoft Visual Studio Solution File, Format Version 12.00
# Visual Studio Version 17
VisualStudioVersion = 17.0.31903.59
MinimumVisualStudioVersion = 10.0.40219.1
Project("{FAE04EC0-301F-11D3-BF4B-00C04F79EFBC}") = "API", "API\API.csproj", "{0F9255E4-9F61-4D3E-86BC-EED17B809139}"
EndProject
Project("{FAE04EC0-301F-11D3-BF4B-00C04F79EFBC}") = "Application", "Application\Application.csproj", "{DF38C2EB-0825-45FE-9D90-78D4CB27A058}"
EndProject
Project("{FAE04EC0-301F-11D3-BF4B-00C04F79EFBC}") = "Domain", "Domain\Domain.csproj", "{81D9090F-498F-4EEB-B7B2-90EAC2E5CF0E}"
EndProject
Project("{FAE04EC0-301F-11D3-BF4B-00C04F79EFBC}") = "Persistence", "Persistence\Persistence.csproj", "{CE224303-83B7-4924-A9C3-05FBF1EC5DE4}"
EndProject
Global
	GlobalSection(SolutionConfigurationPlatforms) = preSolution
		Debug|Any CPU = Debug|Any CPU
		Release|Any CPU = Release|Any CPU
	EndGlobalSection
	GlobalSection(SolutionProperties) = preSolution
		HideSolutionNode = FALSE
	EndGlobalSection
	GlobalSection(ProjectConfigurationPlatforms) = postSolution
		{0F9255E4-9F61-4D3E-86BC-EED17B809139}.Debug|Any CPU.ActiveCfg = Debug|Any CPU
		{0F9255E4-9F61-4D3E-86BC-EED17B809139}.Debug|Any CPU.Build.0 = Debug|Any CPU
		{0F9255E4-9F61-4D3E-86BC-EED17B809139}.Release|Any CPU.ActiveCfg = Release|Any CPU
		{0F9255E4-9F61-4D3E-86BC-EED17B809139}.Release|Any CPU.Build.0 = Release|Any CPU
		{DF38C2EB-0825-45FE-9D90-78D4CB27A058}.Debug|Any CPU.ActiveCfg = Debug|Any CPU
		{DF38C2EB-0825-45FE-9D90-78D4CB27A058}.Debug|Any CPU.Build.0 = Debug|Any CPU
		{DF38C2EB-0825-45FE-9D90-78D4CB27A058}.Release|Any CPU.ActiveCfg = Release|Any CPU
		{DF38C2EB-0825-45FE-9D90-78D4CB27A058}.Release|Any CPU.Build.0 = Release|Any CPU
		{81D9090F-498F-4EEB-B7B2-90EAC2E5CF0E}.Debug|Any CPU.ActiveCfg = Debug|Any CPU
		{81D9090F-498F-4EEB-B7B2-90EAC2E5CF0E}.Debug|Any CPU.Build.0 = Debug|Any CPU
		{81D9090F-498F-4EEB-B7B2-90EAC2E5CF0E}.Release|Any CPU.ActiveCfg = Release|Any CPU
		{81D9090F-498F-4EEB-B7B2-90EAC2E5CF0E}.Release|Any CPU.Build.0 = Release|Any CPU
		{CE224303-83B7-4924-A9C3-05FBF1EC5DE4}.Debug|Any CPU.ActiveCfg = Debug|Any CPU
		{CE224303-83B7-4924-A9C3-05FBF1EC5DE4}.Debug|Any CPU.Build.0 = Debug|Any CPU
		{CE224303-83B7-4924-A9C3-05FBF1EC5DE4}.Release|Any CPU.ActiveCfg = Release|Any CPU
		{CE224303-83B7-4924-A9C3-05FBF1EC5DE4}.Release|Any CPU.Build.0 = Release|Any CPU
	EndGlobalSection
EndGlobal
